
Microsoft Visual Studio Solution File, Format Version 12.00
# Visual Studio Version 17
VisualStudioVersion = 17.8.34330.188
MinimumVisualStudioVersion = 10.0.40219.1
Project("{FAE04EC0-301F-11D3-BF4B-00C04F79EFBC}") = "AddressBook", "AddressBook.csproj", "{245E063F-95A1-4647-8DDE-63EF674BE1A7}"
EndProject
Global
	GlobalSection(SolutionConfigurationPlatforms) = preSolution
		Debug|Any CPU = Debug|Any CPU
		Release|Any CPU = Release|Any CPU
	EndGlobalSection
	GlobalSection(ProjectConfigurationPlatforms) = postSolution
		{245E063F-95A1-4647-8DDE-63EF674BE1A7}.Debug|Any CPU.ActiveCfg = Debug|Any CPU
		{245E063F-95A1-4647-8DDE-63EF674BE1A7}.Debug|Any CPU.Build.0 = Debug|Any CPU
		{245E063F-95A1-4647-8DDE-63EF674BE1A7}.Release|Any CPU.ActiveCfg = Release|Any CPU
		{245E063F-95A1-4647-8DDE-63EF674BE1A7}.Release|Any CPU.Build.0 = Release|Any CPU
	EndGlobalSection
	GlobalSection(SolutionProperties) = preSolution
		HideSolutionNode = FALSE
	EndGlobalSection
	GlobalSection(ExtensibilityGlobals) = postSolution
		SolutionGuid = {0CE944D9-2510-4240-AE22-AF646E1DC7CF}
	EndGlobalSection
EndGlobal
